
Microsoft Visual Studio Solution File, Format Version 12.00
# Visual Studio Version 17
VisualStudioVersion = 17.4.33205.214
MinimumVisualStudioVersion = 10.0.40219.1
Project("{9A19103F-16F7-4668-BE54-9A1E7A4F7556}") = "OOPAssignment1", "OOPAssignment1.csproj", "{907D7F7A-31AE-42F3-BCF2-7B179C3B3F86}"
EndProject
Project("{FAE04EC0-301F-11D3-BF4B-00C04F79EFBC}") = "TestSet", "..\OOPAS1.nUnitTests\TestSet.csproj", "{7BEF654B-348A-4E02-AADC-E98475CEA9A5}"
EndProject
Global
	GlobalSection(SolutionConfigurationPlatforms) = preSolution
		Debug|Any CPU = Debug|Any CPU
		Release|Any CPU = Release|Any CPU
	EndGlobalSection
	GlobalSection(ProjectConfigurationPlatforms) = postSolution
		{907D7F7A-31AE-42F3-BCF2-7B179C3B3F86}.Debug|Any CPU.ActiveCfg = Debug|Any CPU
		{907D7F7A-31AE-42F3-BCF2-7B179C3B3F86}.Debug|Any CPU.Build.0 = Debug|Any CPU
		{907D7F7A-31AE-42F3-BCF2-7B179C3B3F86}.Release|Any CPU.ActiveCfg = Release|Any CPU
		{907D7F7A-31AE-42F3-BCF2-7B179C3B3F86}.Release|Any CPU.Build.0 = Release|Any CPU
		{7BEF654B-348A-4E02-AADC-E98475CEA9A5}.Debug|Any CPU.ActiveCfg = Debug|Any CPU
		{7BEF654B-348A-4E02-AADC-E98475CEA9A5}.Debug|Any CPU.Build.0 = Debug|Any CPU
		{7BEF654B-348A-4E02-AADC-E98475CEA9A5}.Release|Any CPU.ActiveCfg = Release|Any CPU
		{7BEF654B-348A-4E02-AADC-E98475CEA9A5}.Release|Any CPU.Build.0 = Release|Any CPU
	EndGlobalSection
	GlobalSection(SolutionProperties) = preSolution
		HideSolutionNode = FALSE
	EndGlobalSection
	GlobalSection(ExtensibilityGlobals) = postSolution
		SolutionGuid = {F0D0064C-4B49-42ED-AA83-D5EC1F36267A}
	EndGlobalSection
EndGlobal
